
Microsoft Visual Studio Solution File, Format Version 12.00
# Visual Studio Version 16
VisualStudioVersion = 16.0.31205.134
MinimumVisualStudioVersion = 10.0.40219.1
Project("{FAE04EC0-301F-11D3-BF4B-00C04F79EFBC}") = "proto", "yan\proto.csproj", "{823F7F5E-3716-4296-92ED-FC9064861E98}"
EndProject
Global
	GlobalSection(SolutionConfigurationPlatforms) = preSolution
		Debug|Any CPU = Debug|Any CPU
		Release|Any CPU = Release|Any CPU
	EndGlobalSection
	GlobalSection(ProjectConfigurationPlatforms) = postSolution
		{823F7F5E-3716-4296-92ED-FC9064861E98}.Debug|Any CPU.ActiveCfg = Debug|Any CPU
		{823F7F5E-3716-4296-92ED-FC9064861E98}.Debug|Any CPU.Build.0 = Debug|Any CPU
		{823F7F5E-3716-4296-92ED-FC9064861E98}.Release|Any CPU.ActiveCfg = Release|Any CPU
		{823F7F5E-3716-4296-92ED-FC9064861E98}.Release|Any CPU.Build.0 = Release|Any CPU
	EndGlobalSection
	GlobalSection(SolutionProperties) = preSolution
		HideSolutionNode = FALSE
	EndGlobalSection
	GlobalSection(ExtensibilityGlobals) = postSolution
		SolutionGuid = {7D2FB4DB-61A5-4D5F-B8BD-B508B418EC77}
	EndGlobalSection
EndGlobal
